{
  "name": "whippi-test",
  "version": "1.0.0",
  "lockfileVersion": 1,
  "requires": true,
  "dependencies": {
    "@types/node": {
      "version": "https://registry.npmjs.org/@types/node/-/node-8.0.14.tgz",
      "integrity": "sha1-Shnca7YdFsAcutx7MKwjUY//F2s=",
      "dev": true
    },
    "whippi": {
      "version": "file:../whippi",
      "requires": {
        "@types/xmldom": "0.1.29",
        "xmldom": "0.1.27"
      },
      "dependencies": {
        "@types/node": {
          "version": "8.0.14",
          "bundled": true
        },
        "@types/xmldom": {
          "version": "0.1.29",
          "bundled": true
        },
        "typescript": {
          "version": "2.4.1",
          "bundled": true
        },
        "xmldom": {
          "version": "0.1.27",
          "bundled": true
        }
      }
    }
  }
}
